// !$*UTF8*$!
{
	archiveVersion = 1;
	classes = {
	};
	objectVersion = 46;
	objects = {

/* Begin PBXBuildFile section */
		8813C9511EA5DDC5008708B8 /* AppDelegate.swift in Sources */ = {isa = PBXBuildFile; fileRef = 8813C9501EA5DDC5008708B8 /* AppDelegate.swift */; };
		8813C9551EA5DDC5008708B8 /* SecondViewController.swift in Sources */ = {isa = PBXBuildFile; fileRef = 8813C9541EA5DDC5008708B8 /* SecondViewController.swift */; };
		8813C9581EA5DDC5008708B8 /* Main.storyboard in Resources */ = {isa = PBXBuildFile; fileRef = 8813C9561EA5DDC5008708B8 /* Main.storyboard */; };
		8813C95A1EA5DDC5008708B8 /* Assets.xcassets in Resources */ = {isa = PBXBuildFile; fileRef = 8813C9591EA5DDC5008708B8 /* Assets.xcassets */; };
		8813C95D1EA5DDC5008708B8 /* LaunchScreen.storyboard in Resources */ = {isa = PBXBuildFile; fileRef = 8813C95B1EA5DDC5008708B8 /* LaunchScreen.storyboard */; };
		8813C9681EA5DDC5008708B8 /* pokerManagerTests.swift in Sources */ = {isa = PBXBuildFile; fileRef = 8813C9671EA5DDC5008708B8 /* pokerManagerTests.swift */; };
		8813C9731EA5DDC5008708B8 /* pokerManagerUITests.swift in Sources */ = {isa = PBXBuildFile; fileRef = 8813C9721EA5DDC5008708B8 /* pokerManagerUITests.swift */; };
		88CE3A9D1EA74B6900CF39F4 /* defaultTableViewController.swift in Sources */ = {isa = PBXBuildFile; fileRef = 88CE3A9C1EA74B6900CF39F4 /* defaultTableViewController.swift */; };
		88CE3A9F1EA74F4300CF39F4 /* addTableViewController.swift in Sources */ = {isa = PBXBuildFile; fileRef = 88CE3A9E1EA74F4300CF39F4 /* addTableViewController.swift */; };
		88CE3AA11EA75B5600CF39F4 /* gamekindTableViewController.swift in Sources */ = {isa = PBXBuildFile; fileRef = 88CE3AA01EA75B5600CF39F4 /* gamekindTableViewController.swift */; };
		88F94F3D1EA797A700C0E98B /* recordClass.swift in Sources */ = {isa = PBXBuildFile; fileRef = 88F94F3C1EA797A700C0E98B /* recordClass.swift */; };
		88F94F3F1EA7C55E00C0E98B /* blindsTableViewController.swift in Sources */ = {isa = PBXBuildFile; fileRef = 88F94F3E1EA7C55E00C0E98B /* blindsTableViewController.swift */; };
		88F94F411EA7C57400C0E98B /* gametypeTableViewController.swift in Sources */ = {isa = PBXBuildFile; fileRef = 88F94F401EA7C57400C0E98B /* gametypeTableViewController.swift */; };
		9B6BC8070E7EDDFBF73D3E17 /* Pods_pokerManager.framework in Frameworks */ = {isa = PBXBuildFile; fileRef = 359A80053706A36F35829646 /* Pods_pokerManager.framework */; };
/* End PBXBuildFile section */

/* Begin PBXContainerItemProxy section */
		8813C9641EA5DDC5008708B8 /* PBXContainerItemProxy */ = {
			isa = PBXContainerItemProxy;
			containerPortal = 8813C9451EA5DDC5008708B8 /* Project object */;
			proxyType = 1;
			remoteGlobalIDString = 8813C94C1EA5DDC5008708B8;
			remoteInfo = pokerManager;
		};
		8813C96F1EA5DDC5008708B8 /* PBXContainerItemProxy */ = {
			isa = PBXContainerItemProxy;
			containerPortal = 8813C9451EA5DDC5008708B8 /* Project object */;
			proxyType = 1;
			remoteGlobalIDString = 8813C94C1EA5DDC5008708B8;
			remoteInfo = pokerManager;
		};
/* End PBXContainerItemProxy section */

/* Begin PBXFileReference section */
		0C0ED641E067CBCE2BB9181A /* Pods-pokerManager.debug.xcconfig */ = {isa = PBXFileReference; includeInIndex = 1; lastKnownFileType = text.xcconfig; name = "Pods-pokerManager.debug.xcconfig"; path = "Pods/Target Support Files/Pods-pokerManager/Pods-pokerManager.debug.xcconfig"; sourceTree = "<group>"; };
		359A80053706A36F35829646 /* Pods_pokerManager.framework */ = {isa = PBXFileReference; explicitFileType = wrapper.framework; includeInIndex = 0; path = Pods_pokerManager.framework; sourceTree = BUILT_PRODUCTS_DIR; };
		62E74C1AE9D09612F7FB6960 /* Pods-pokerManager.release.xcconfig */ = {isa = PBXFileReference; includeInIndex = 1; lastKnownFileType = text.xcconfig; name = "Pods-pokerManager.release.xcconfig"; path = "Pods/Target Support Files/Pods-pokerManager/Pods-pokerManager.release.xcconfig"; sourceTree = "<group>"; };
		8813C94D1EA5DDC5008708B8 /* pokerManager.app */ = {isa = PBXFileReference; explicitFileType = wrapper.application; includeInIndex = 0; path = pokerManager.app; sourceTree = BUILT_PRODUCTS_DIR; };
		8813C9501EA5DDC5008708B8 /* AppDelegate.swift */ = {isa = PBXFileReference; lastKnownFileType = sourcecode.swift; path = AppDelegate.swift; sourceTree = "<group>"; };
		8813C9541EA5DDC5008708B8 /* SecondViewController.swift */ = {isa = PBXFileReference; lastKnownFileType = sourcecode.swift; path = SecondViewController.swift; sourceTree = "<group>"; };
		8813C9571EA5DDC5008708B8 /* Base */ = {isa = PBXFileReference; lastKnownFileType = file.storyboard; name = Base; path = Base.lproj/Main.storyboard; sourceTree = "<group>"; };
		8813C9591EA5DDC5008708B8 /* Assets.xcassets */ = {isa = PBXFileReference; lastKnownFileType = folder.assetcatalog; path = Assets.xcassets; sourceTree = "<group>"; };
		8813C95C1EA5DDC5008708B8 /* Base */ = {isa = PBXFileReference; lastKnownFileType = file.storyboard; name = Base; path = Base.lproj/LaunchScreen.storyboard; sourceTree = "<group>"; };
		8813C95E1EA5DDC5008708B8 /* Info.plist */ = {isa = PBXFileReference; lastKnownFileType = text.plist.xml; path = Info.plist; sourceTree = "<group>"; };
		8813C9631EA5DDC5008708B8 /* pokerManagerTests.xctest */ = {isa = PBXFileReference; explicitFileType = wrapper.cfbundle; includeInIndex = 0; path = pokerManagerTests.xctest; sourceTree = BUILT_PRODUCTS_DIR; };
		8813C9671EA5DDC5008708B8 /* pokerManagerTests.swift */ = {isa = PBXFileReference; lastKnownFileType = sourcecode.swift; path = pokerManagerTests.swift; sourceTree = "<group>"; };
		8813C9691EA5DDC5008708B8 /* Info.plist */ = {isa = PBXFileReference; lastKnownFileType = text.plist.xml; path = Info.plist; sourceTree = "<group>"; };
		8813C96E1EA5DDC5008708B8 /* pokerManagerUITests.xctest */ = {isa = PBXFileReference; explicitFileType = wrapper.cfbundle; includeInIndex = 0; path = pokerManagerUITests.xctest; sourceTree = BUILT_PRODUCTS_DIR; };
		8813C9721EA5DDC5008708B8 /* pokerManagerUITests.swift */ = {isa = PBXFileReference; lastKnownFileType = sourcecode.swift; path = pokerManagerUITests.swift; sourceTree = "<group>"; };
		8813C9741EA5DDC5008708B8 /* Info.plist */ = {isa = PBXFileReference; lastKnownFileType = text.plist.xml; path = Info.plist; sourceTree = "<group>"; };
		88CE3A9C1EA74B6900CF39F4 /* defaultTableViewController.swift */ = {isa = PBXFileReference; fileEncoding = 4; lastKnownFileType = sourcecode.swift; path = defaultTableViewController.swift; sourceTree = "<group>"; };
		88CE3A9E1EA74F4300CF39F4 /* addTableViewController.swift */ = {isa = PBXFileReference; fileEncoding = 4; lastKnownFileType = sourcecode.swift; path = addTableViewController.swift; sourceTree = "<group>"; };
		88CE3AA01EA75B5600CF39F4 /* gamekindTableViewController.swift */ = {isa = PBXFileReference; fileEncoding = 4; lastKnownFileType = sourcecode.swift; path = gamekindTableViewController.swift; sourceTree = "<group>"; };
		88F94F3C1EA797A700C0E98B /* recordClass.swift */ = {isa = PBXFileReference; fileEncoding = 4; lastKnownFileType = sourcecode.swift; path = recordClass.swift; sourceTree = "<group>"; };
		88F94F3E1EA7C55E00C0E98B /* blindsTableViewController.swift */ = {isa = PBXFileReference; fileEncoding = 4; lastKnownFileType = sourcecode.swift; path = blindsTableViewController.swift; sourceTree = "<group>"; };
		88F94F401EA7C57400C0E98B /* gametypeTableViewController.swift */ = {isa = PBXFileReference; fileEncoding = 4; lastKnownFileType = sourcecode.swift; path = gametypeTableViewController.swift; sourceTree = "<group>"; };
/* End PBXFileReference section */

/* Begin PBXFrameworksBuildPhase section */
		8813C94A1EA5DDC5008708B8 /* Frameworks */ = {
			isa = PBXFrameworksBuildPhase;
			buildActionMask = 2147483647;
			files = (
				9B6BC8070E7EDDFBF73D3E17 /* Pods_pokerManager.framework in Frameworks */,
			);
			runOnlyForDeploymentPostprocessing = 0;
		};
		8813C9601EA5DDC5008708B8 /* Frameworks */ = {
			isa = PBXFrameworksBuildPhase;
			buildActionMask = 2147483647;
			files = (
			);
			runOnlyForDeploymentPostprocessing = 0;
		};
		8813C96B1EA5DDC5008708B8 /* Frameworks */ = {
			isa = PBXFrameworksBuildPhase;
			buildActionMask = 2147483647;
			files = (
			);
			runOnlyForDeploymentPostprocessing = 0;
		};
/* End PBXFrameworksBuildPhase section */

/* Begin PBXGroup section */
		3B32058739C77F87F4B4A30F /* Frameworks */ = {
			isa = PBXGroup;
			children = (
				359A80053706A36F35829646 /* Pods_pokerManager.framework */,
			);
			name = Frameworks;
			sourceTree = "<group>";
		};
		8813C9441EA5DDC5008708B8 = {
			isa = PBXGroup;
			children = (
				8813C94F1EA5DDC5008708B8 /* pokerManager */,
				8813C9661EA5DDC5008708B8 /* pokerManagerTests */,
				8813C9711EA5DDC5008708B8 /* pokerManagerUITests */,
				8813C94E1EA5DDC5008708B8 /* Products */,
				EFE4F8B76A23B6F2FC719DA4 /* Pods */,
				3B32058739C77F87F4B4A30F /* Frameworks */,
			);
			sourceTree = "<group>";
		};
		8813C94E1EA5DDC5008708B8 /* Products */ = {
			isa = PBXGroup;
			children = (
				8813C94D1EA5DDC5008708B8 /* pokerManager.app */,
				8813C9631EA5DDC5008708B8 /* pokerManagerTests.xctest */,
				8813C96E1EA5DDC5008708B8 /* pokerManagerUITests.xctest */,
			);
			name = Products;
			sourceTree = "<group>";
		};
		8813C94F1EA5DDC5008708B8 /* pokerManager */ = {
			isa = PBXGroup;
			children = (
				88CE3A891EA73F9B00CF39F4 /* SQLiteDB */,
				8813C9501EA5DDC5008708B8 /* AppDelegate.swift */,
				8813C9541EA5DDC5008708B8 /* SecondViewController.swift */,
				8813C9561EA5DDC5008708B8 /* Main.storyboard */,
				88F94F441EA7D15300C0E98B /* second level */,
				88F94F3C1EA797A700C0E98B /* recordClass.swift */,
				88CE3A9E1EA74F4300CF39F4 /* addTableViewController.swift */,
				88CE3A9C1EA74B6900CF39F4 /* defaultTableViewController.swift */,
				8813C9591EA5DDC5008708B8 /* Assets.xcassets */,
				8813C95B1EA5DDC5008708B8 /* LaunchScreen.storyboard */,
				8813C95E1EA5DDC5008708B8 /* Info.plist */,
			);
			path = pokerManager;
			sourceTree = "<group>";
		};
		8813C9661EA5DDC5008708B8 /* pokerManagerTests */ = {
			isa = PBXGroup;
			children = (
				8813C9671EA5DDC5008708B8 /* pokerManagerTests.swift */,
				8813C9691EA5DDC5008708B8 /* Info.plist */,
			);
			path = pokerManagerTests;
			sourceTree = "<group>";
		};
		8813C9711EA5DDC5008708B8 /* pokerManagerUITests */ = {
			isa = PBXGroup;
			children = (
				8813C9721EA5DDC5008708B8 /* pokerManagerUITests.swift */,
				8813C9741EA5DDC5008708B8 /* Info.plist */,
			);
			path = pokerManagerUITests;
			sourceTree = "<group>";
		};
		88CE3A891EA73F9B00CF39F4 /* SQLiteDB */ = {
			isa = PBXGroup;
			children = (
			);
			name = SQLiteDB;
			path = ../../quitSmoking/quitSmoking;
			sourceTree = "<group>";
		};
		88F94F441EA7D15300C0E98B /* second level */ = {
			isa = PBXGroup;
			children = (
				88CE3AA01EA75B5600CF39F4 /* gamekindTableViewController.swift */,
				88F94F401EA7C57400C0E98B /* gametypeTableViewController.swift */,
				88F94F3E1EA7C55E00C0E98B /* blindsTableViewController.swift */,
			);
			name = "second level";
			sourceTree = "<group>";
		};
		EFE4F8B76A23B6F2FC719DA4 /* Pods */ = {
			isa = PBXGroup;
			children = (
				0C0ED641E067CBCE2BB9181A /* Pods-pokerManager.debug.xcconfig */,
				62E74C1AE9D09612F7FB6960 /* Pods-pokerManager.release.xcconfig */,
			);
			name = Pods;
			sourceTree = "<group>";
		};
/* End PBXGroup section */

/* Begin PBXNativeTarget section */
		8813C94C1EA5DDC5008708B8 /* pokerManager */ = {
			isa = PBXNativeTarget;
			buildConfigurationList = 8813C9771EA5DDC5008708B8 /* Build configuration list for PBXNativeTarget "pokerManager" */;
			buildPhases = (
				CC524AD3DFF7FE515A2D3EA3 /* [CP] Check Pods Manifest.lock */,
				8813C9491EA5DDC5008708B8 /* Sources */,
				8813C94A1EA5DDC5008708B8 /* Frameworks */,
				8813C94B1EA5DDC5008708B8 /* Resources */,
				A292F7303802AB62C1AFC240 /* [CP] Embed Pods Frameworks */,
				EFC16E0D6AFDDAA78840B27D /* [CP] Copy Pods Resources */,
			);
			buildRules = (
			);
			dependencies = (
			);
			name = pokerManager;
			productName = pokerManager;
			productReference = 8813C94D1EA5DDC5008708B8 /* pokerManager.app */;
			productType = "com.apple.product-type.application";
		};
		8813C9621EA5DDC5008708B8 /* pokerManagerTests */ = {
			isa = PBXNativeTarget;
			buildConfigurationList = 8813C97A1EA5DDC5008708B8 /* Build configuration list for PBXNativeTarget "pokerManagerTests" */;
			buildPhases = (
				8813C95F1EA5DDC5008708B8 /* Sources */,
				8813C9601EA5DDC5008708B8 /* Frameworks */,
				8813C9611EA5DDC5008708B8 /* Resources */,
			);
			buildRules = (
			);
			dependencies = (
				8813C9651EA5DDC5008708B8 /* PBXTargetDependency */,
			);
			name = pokerManagerTests;
			productName = pokerManagerTests;
			productReference = 8813C9631EA5DDC5008708B8 /* pokerManagerTests.xctest */;
			productType = "com.apple.product-type.bundle.unit-test";
		};
		8813C96D1EA5DDC5008708B8 /* pokerManagerUITests */ = {
			isa = PBXNativeTarget;
			buildConfigurationList = 8813C97D1EA5DDC5008708B8 /* Build configuration list for PBXNativeTarget "pokerManagerUITests" */;
			buildPhases = (
				8813C96A1EA5DDC5008708B8 /* Sources */,
				8813C96B1EA5DDC5008708B8 /* Frameworks */,
				8813C96C1EA5DDC5008708B8 /* Resources */,
			);
			buildRules = (
			);
			dependencies = (
				8813C9701EA5DDC5008708B8 /* PBXTargetDependency */,
			);
			name = pokerManagerUITests;
			productName = pokerManagerUITests;
			productReference = 8813C96E1EA5DDC5008708B8 /* pokerManagerUITests.xctest */;
			productType = "com.apple.product-type.bundle.ui-testing";
		};
/* End PBXNativeTarget section */

/* Begin PBXProject section */
		8813C9451EA5DDC5008708B8 /* Project object */ = {
			isa = PBXProject;
			attributes = {
				LastSwiftUpdateCheck = 0820;
				LastUpgradeCheck = 0820;
				ORGANIZATIONNAME = JunZheng;
				TargetAttributes = {
					8813C94C1EA5DDC5008708B8 = {
						CreatedOnToolsVersion = 8.2.1;
						DevelopmentTeam = V93HHECRDR;
						ProvisioningStyle = Automatic;
					};
					8813C9621EA5DDC5008708B8 = {
						CreatedOnToolsVersion = 8.2.1;
						DevelopmentTeam = V93HHECRDR;
						ProvisioningStyle = Automatic;
						TestTargetID = 8813C94C1EA5DDC5008708B8;
					};
					8813C96D1EA5DDC5008708B8 = {
						CreatedOnToolsVersion = 8.2.1;
						DevelopmentTeam = V93HHECRDR;
						ProvisioningStyle = Automatic;
						TestTargetID = 8813C94C1EA5DDC5008708B8;
					};
				};
			};
			buildConfigurationList = 8813C9481EA5DDC5008708B8 /* Build configuration list for PBXProject "pokerManager" */;
			compatibilityVersion = "Xcode 3.2";
			developmentRegion = English;
			hasScannedForEncodings = 0;
			knownRegions = (
				en,
				Base,
			);
			mainGroup = 8813C9441EA5DDC5008708B8;
			productRefGroup = 8813C94E1EA5DDC5008708B8 /* Products */;
			projectDirPath = "";
			projectRoot = "";
			targets = (
				8813C94C1EA5DDC5008708B8 /* pokerManager */,
				8813C9621EA5DDC5008708B8 /* pokerManagerTests */,
				8813C96D1EA5DDC5008708B8 /* pokerManagerUITests */,
			);
		};
/* End PBXProject section */

/* Begin PBXResourcesBuildPhase section */
		8813C94B1EA5DDC5008708B8 /* Resources */ = {
			isa = PBXResourcesBuildPhase;
			buildActionMask = 2147483647;
			files = (
				8813C95D1EA5DDC5008708B8 /* LaunchScreen.storyboard in Resources */,
				8813C95A1EA5DDC5008708B8 /* Assets.xcassets in Resources */,
				8813C9581EA5DDC5008708B8 /* Main.storyboard in Resources */,
			);
			runOnlyForDeploymentPostprocessing = 0;
		};
		8813C9611EA5DDC5008708B8 /* Resources */ = {
			isa = PBXResourcesBuildPhase;
			buildActionMask = 2147483647;
			files = (
			);
			runOnlyForDeploymentPostprocessing = 0;
		};
		8813C96C1EA5DDC5008708B8 /* Resources */ = {
			isa = PBXResourcesBuildPhase;
			buildActionMask = 2147483647;
			files = (
			);
			runOnlyForDeploymentPostprocessing = 0;
		};
/* End PBXResourcesBuildPhase section */

/* Begin PBXShellScriptBuildPhase section */
		A292F7303802AB62C1AFC240 /* [CP] Embed Pods Frameworks */ = {
			isa = PBXShellScriptBuildPhase;
			buildActionMask = 2147483647;
			files = (
			);
			inputPaths = (
			);
			name = "[CP] Embed Pods Frameworks";
			outputPaths = (
			);
			runOnlyForDeploymentPostprocessing = 0;
			shellPath = /bin/sh;
			shellScript = "\"${SRCROOT}/Pods/Target Support Files/Pods-pokerManager/Pods-pokerManager-frameworks.sh\"\n";
			showEnvVarsInLog = 0;
		};
		CC524AD3DFF7FE515A2D3EA3 /* [CP] Check Pods Manifest.lock */ = {
			isa = PBXShellScriptBuildPhase;
			buildActionMask = 2147483647;
			files = (
			);
			inputPaths = (
			);
			name = "[CP] Check Pods Manifest.lock";
			outputPaths = (
			);
			runOnlyForDeploymentPostprocessing = 0;
			shellPath = /bin/sh;
			shellScript = "diff \"${PODS_ROOT}/../Podfile.lock\" \"${PODS_ROOT}/Manifest.lock\" > /dev/null\nif [ $? != 0 ] ; then\n    # print error to STDERR\n    echo \"error: The sandbox is not in sync with the Podfile.lock. Run 'pod install' or update your CocoaPods installation.\" >&2\n    exit 1\nfi\n";
			showEnvVarsInLog = 0;
		};
		EFC16E0D6AFDDAA78840B27D /* [CP] Copy Pods Resources */ = {
			isa = PBXShellScriptBuildPhase;
			buildActionMask = 2147483647;
			files = (
			);
			inputPaths = (
			);
			name = "[CP] Copy Pods Resources";
			outputPaths = (
			);
			runOnlyForDeploymentPostprocessing = 0;
			shellPath = /bin/sh;
			shellScript = "\"${SRCROOT}/Pods/Target Support Files/Pods-pokerManager/Pods-pokerManager-resources.sh\"\n";
			showEnvVarsInLog = 0;
		};
/* End PBXShellScriptBuildPhase section */

/* Begin PBXSourcesBuildPhase section */
		8813C9491EA5DDC5008708B8 /* Sources */ = {
			isa = PBXSourcesBuildPhase;
			buildActionMask = 2147483647;
			files = (
				8813C9551EA5DDC5008708B8 /* SecondViewController.swift in Sources */,
				88F94F3D1EA797A700C0E98B /* recordClass.swift in Sources */,
				8813C9511EA5DDC5008708B8 /* AppDelegate.swift in Sources */,
				88CE3AA11EA75B5600CF39F4 /* gamekindTableViewController.swift in Sources */,
				88F94F3F1EA7C55E00C0E98B /* blindsTableViewController.swift in Sources */,
				88CE3A9D1EA74B6900CF39F4 /* defaultTableViewController.swift in Sources */,
				88F94F411EA7C57400C0E98B /* gametypeTableViewController.swift in Sources */,
				88CE3A9F1EA74F4300CF39F4 /* addTableViewController.swift in Sources */,
			);
			runOnlyForDeploymentPostprocessing = 0;
		};
		8813C95F1EA5DDC5008708B8 /* Sources */ = {
			isa = PBXSourcesBuildPhase;
			buildActionMask = 2147483647;
			files = (
				8813C9681EA5DDC5008708B8 /* pokerManagerTests.swift in Sources */,
			);
			runOnlyForDeploymentPostprocessing = 0;
		};
		8813C96A1EA5DDC5008708B8 /* Sources */ = {
			isa = PBXSourcesBuildPhase;
			buildActionMask = 2147483647;
			files = (
				8813C9731EA5DDC5008708B8 /* pokerManagerUITests.swift in Sources */,
			);
			runOnlyForDeploymentPostprocessing = 0;
		};
/* End PBXSourcesBuildPhase section */

/* Begin PBXTargetDependency section */
		8813C9651EA5DDC5008708B8 /* PBXTargetDependency */ = {
			isa = PBXTargetDependency;
			target = 8813C94C1EA5DDC5008708B8 /* pokerManager */;
			targetProxy = 8813C9641EA5DDC5008708B8 /* PBXContainerItemProxy */;
		};
		8813C9701EA5DDC5008708B8 /* PBXTargetDependency */ = {
			isa = PBXTargetDependency;
			target = 8813C94C1EA5DDC5008708B8 /* pokerManager */;
			targetProxy = 8813C96F1EA5DDC5008708B8 /* PBXContainerItemProxy */;
		};
/* End PBXTargetDependency section */

/* Begin PBXVariantGroup section */
		8813C9561EA5DDC5008708B8 /* Main.storyboard */ = {
			isa = PBXVariantGroup;
			children = (
				8813C9571EA5DDC5008708B8 /* Base */,
			);
			name = Main.storyboard;
			sourceTree = "<group>";
		};
		8813C95B1EA5DDC5008708B8 /* LaunchScreen.storyboard */ = {
			isa = PBXVariantGroup;
			children = (
				8813C95C1EA5DDC5008708B8 /* Base */,
			);
			name = LaunchScreen.storyboard;
			sourceTree = "<group>";
		};
/* End PBXVariantGroup section */

/* Begin XCBuildConfiguration section */
		8813C9751EA5DDC5008708B8 /* Debug */ = {
			isa = XCBuildConfiguration;
			buildSettings = {
				ALWAYS_SEARCH_USER_PATHS = NO;
				CLANG_ANALYZER_NONNULL = YES;
				CLANG_CXX_LANGUAGE_STANDARD = "gnu++0x";
				CLANG_CXX_LIBRARY = "libc++";
				CLANG_ENABLE_MODULES = YES;
				CLANG_ENABLE_OBJC_ARC = YES;
				CLANG_WARN_BOOL_CONVERSION = YES;
				CLANG_WARN_CONSTANT_CONVERSION = YES;
				CLANG_WARN_DIRECT_OBJC_ISA_USAGE = YES_ERROR;
				CLANG_WARN_DOCUMENTATION_COMMENTS = YES;
				CLANG_WARN_EMPTY_BODY = YES;
				CLANG_WARN_ENUM_CONVERSION = YES;
				CLANG_WARN_INFINITE_RECURSION = YES;
				CLANG_WARN_INT_CONVERSION = YES;
				CLANG_WARN_OBJC_ROOT_CLASS = YES_ERROR;
				CLANG_WARN_SUSPICIOUS_MOVE = YES;
				CLANG_WARN_UNREACHABLE_CODE = YES;
				CLANG_WARN__DUPLICATE_METHOD_MATCH = YES;
				"CODE_SIGN_IDENTITY[sdk=iphoneos*]" = "iPhone Developer";
				COPY_PHASE_STRIP = NO;
				DEBUG_INFORMATION_FORMAT = dwarf;
				ENABLE_STRICT_OBJC_MSGSEND = YES;
				ENABLE_TESTABILITY = YES;
				GCC_C_LANGUAGE_STANDARD = gnu99;
				GCC_DYNAMIC_NO_PIC = NO;
				GCC_NO_COMMON_BLOCKS = YES;
				GCC_OPTIMIZATION_LEVEL = 0;
				GCC_PREPROCESSOR_DEFINITIONS = (
					"DEBUG=1",
					"$(inherited)",
				);
				GCC_WARN_64_TO_32_BIT_CONVERSION = YES;
				GCC_WARN_ABOUT_RETURN_TYPE = YES_ERROR;
				GCC_WARN_UNDECLARED_SELECTOR = YES;
				GCC_WARN_UNINITIALIZED_AUTOS = YES_AGGRESSIVE;
				GCC_WARN_UNUSED_FUNCTION = YES;
				GCC_WARN_UNUSED_VARIABLE = YES;
				IPHONEOS_DEPLOYMENT_TARGET = 10.2;
				MTL_ENABLE_DEBUG_INFO = YES;
				ONLY_ACTIVE_ARCH = YES;
				SDKROOT = iphoneos;
				SWIFT_ACTIVE_COMPILATION_CONDITIONS = DEBUG;
				SWIFT_OPTIMIZATION_LEVEL = "-Onone";
			};
			name = Debug;
		};
		8813C9761EA5DDC5008708B8 /* Release */ = {
			isa = XCBuildConfiguration;
			buildSettings = {
				ALWAYS_SEARCH_USER_PATHS = NO;
				CLANG_ANALYZER_NONNULL = YES;
				CLANG_CXX_LANGUAGE_STANDARD = "gnu++0x";
				CLANG_CXX_LIBRARY = "libc++";
				CLANG_ENABLE_MODULES = YES;
				CLANG_ENABLE_OBJC_ARC = YES;
				CLANG_WARN_BOOL_CONVERSION = YES;
				CLANG_WARN_CONSTANT_CONVERSION = YES;
				CLANG_WARN_DIRECT_OBJC_ISA_USAGE = YES_ERROR;
				CLANG_WARN_DOCUMENTATION_COMMENTS = YES;
				CLANG_WARN_EMPTY_BODY = YES;
				CLANG_WARN_ENUM_CONVERSION = YES;
				CLANG_WARN_INFINITE_RECURSION = YES;
				CLANG_WARN_INT_CONVERSION = YES;
				CLANG_WARN_OBJC_ROOT_CLASS = YES_ERROR;
				CLANG_WARN_SUSPICIOUS_MOVE = YES;
				CLANG_WARN_UNREACHABLE_CODE = YES;
				CLANG_WARN__DUPLICATE_METHOD_MATCH = YES;
				"CODE_SIGN_IDENTITY[sdk=iphoneos*]" = "iPhone Developer";
				COPY_PHASE_STRIP = NO;
				DEBUG_INFORMATION_FORMAT = "dwarf-with-dsym";
				ENABLE_NS_ASSERTIONS = NO;
				ENABLE_STRICT_OBJC_MSGSEND = YES;
				GCC_C_LANGUAGE_STANDARD = gnu99;
				GCC_NO_COMMON_BLOCKS = YES;
				GCC_WARN_64_TO_32_BIT_CONVERSION = YES;
				GCC_WARN_ABOUT_RETURN_TYPE = YES_ERROR;
				GCC_WARN_UNDECLARED_SELECTOR = YES;
				GCC_WARN_UNINITIALIZED_AUTOS = YES_AGGRESSIVE;
				GCC_WARN_UNUSED_FUNCTION = YES;
				GCC_WARN_UNUSED_VARIABLE = YES;
				IPHONEOS_DEPLOYMENT_TARGET = 10.2;
				MTL_ENABLE_DEBUG_INFO = NO;
				SDKROOT = iphoneos;
				SWIFT_OPTIMIZATION_LEVEL = "-Owholemodule";
				VALIDATE_PRODUCT = YES;
			};
			name = Release;
		};
		8813C9781EA5DDC5008708B8 /* Debug */ = {
			isa = XCBuildConfiguration;
			baseConfigurationReference = 0C0ED641E067CBCE2BB9181A /* Pods-pokerManager.debug.xcconfig */;
			buildSettings = {
				ASSETCATALOG_COMPILER_APPICON_NAME = AppIcon;
				DEVELOPMENT_TEAM = V93HHECRDR;
				INFOPLIST_FILE = pokerManager/Info.plist;
				LD_RUNPATH_SEARCH_PATHS = "$(inherited) @executable_path/Frameworks";
				PRODUCT_BUNDLE_IDENTIFIER = com.ansonsiva.pokerManager;
				PRODUCT_NAME = "$(TARGET_NAME)";
				SWIFT_VERSION = 3.0;
			};
			name = Debug;
		};
		8813C9791EA5DDC5008708B8 /* Release */ = {
			isa = XCBuildConfiguration;
			baseConfigurationReference = 62E74C1AE9D09612F7FB6960 /* Pods-pokerManager.release.xcconfig */;
			buildSettings = {
				ASSETCATALOG_COMPILER_APPICON_NAME = AppIcon;
				DEVELOPMENT_TEAM = V93HHECRDR;
				INFOPLIST_FILE = pokerManager/Info.plist;
				LD_RUNPATH_SEARCH_PATHS = "$(inherited) @executable_path/Frameworks";
				PRODUCT_BUNDLE_IDENTIFIER = com.ansonsiva.pokerManager;
				PRODUCT_NAME = "$(TARGET_NAME)";
				SWIFT_VERSION = 3.0;
			};
			name = Release;
		};
		8813C97B1EA5DDC5008708B8 /* Debug */ = {
			isa = XCBuildConfiguration;
			buildSettings = {
				ALWAYS_EMBED_SWIFT_STANDARD_LIBRARIES = YES;
				BUNDLE_LOADER = "$(TEST_HOST)";
				DEVELOPMENT_TEAM = V93HHECRDR;
				INFOPLIST_FILE = pokerManagerTests/Info.plist;
				LD_RUNPATH_SEARCH_PATHS = "$(inherited) @executable_path/Frameworks @loader_path/Frameworks";
				PRODUCT_BUNDLE_IDENTIFIER = com.ansonsiva.pokerManagerTests;
				PRODUCT_NAME = "$(TARGET_NAME)";
				SWIFT_VERSION = 3.0;
				TEST_HOST = "$(BUILT_PRODUCTS_DIR)/pokerManager.app/pokerManager";
			};
			name = Debug;
		};
		8813C97C1EA5DDC5008708B8 /* Release */ = {
			isa = XCBuildConfiguration;
			buildSettings = {
				ALWAYS_EMBED_SWIFT_STANDARD_LIBRARIES = YES;
				BUNDLE_LOADER = "$(TEST_HOST)";
				DEVELOPMENT_TEAM = V93HHECRDR;
				INFOPLIST_FILE = pokerManagerTests/Info.plist;
				LD_RUNPATH_SEARCH_PATHS = "$(inherited) @executable_path/Frameworks @loader_path/Frameworks";
				PRODUCT_BUNDLE_IDENTIFIER = com.ansonsiva.pokerManagerTests;
				PRODUCT_NAME = "$(TARGET_NAME)";
				SWIFT_VERSION = 3.0;
				TEST_HOST = "$(BUILT_PRODUCTS_DIR)/pokerManager.app/pokerManager";
			};
			name = Release;
		};
		8813C97E1EA5DDC5008708B8 /* Debug */ = {
			isa = XCBuildConfiguration;
			buildSettings = {
				ALWAYS_EMBED_SWIFT_STANDARD_LIBRARIES = YES;
				DEVELOPMENT_TEAM = V93HHECRDR;
				INFOPLIST_FILE = pokerManagerUITests/Info.plist;
				LD_RUNPATH_SEARCH_PATHS = "$(inherited) @executable_path/Frameworks @loader_path/Frameworks";
				PRODUCT_BUNDLE_IDENTIFIER = com.ansonsiva.pokerManagerUITests;
				PRODUCT_NAME = "$(TARGET_NAME)";
				SWIFT_VERSION = 3.0;
				TEST_TARGET_NAME = pokerManager;
			};
			name = Debug;
		};
		8813C97F1EA5DDC5008708B8 /* Release */ = {
			isa = XCBuildConfiguration;
			buildSettings = {
				ALWAYS_EMBED_SWIFT_STANDARD_LIBRARIES = YES;
				DEVELOPMENT_TEAM = V93HHECRDR;
				INFOPLIST_FILE = pokerManagerUITests/Info.plist;
				LD_RUNPATH_SEARCH_PATHS = "$(inherited) @executable_path/Frameworks @loader_path/Frameworks";
				PRODUCT_BUNDLE_IDENTIFIER = com.ansonsiva.pokerManagerUITests;
				PRODUCT_NAME = "$(TARGET_NAME)";
				SWIFT_VERSION = 3.0;
				TEST_TARGET_NAME = pokerManager;
			};
			name = Release;
		};
/* End XCBuildConfiguration section */

/* Begin XCConfigurationList section */
		8813C9481EA5DDC5008708B8 /* Build configuration list for PBXProject "pokerManager" */ = {
			isa = XCConfigurationList;
			buildConfigurations = (
				8813C9751EA5DDC5008708B8 /* Debug */,
				8813C9761EA5DDC5008708B8 /* Release */,
			);
			defaultConfigurationIsVisible = 0;
			defaultConfigurationName = Release;
		};
		8813C9771EA5DDC5008708B8 /* Build configuration list for PBXNativeTarget "pokerManager" */ = {
			isa = XCConfigurationList;
			buildConfigurations = (
				8813C9781EA5DDC5008708B8 /* Debug */,
				8813C9791EA5DDC5008708B8 /* Release */,
			);
			defaultConfigurationIsVisible = 0;
			defaultConfigurationName = Release;
		};
		8813C97A1EA5DDC5008708B8 /* Build configuration list for PBXNativeTarget "pokerManagerTests" */ = {
			isa = XCConfigurationList;
			buildConfigurations = (
				8813C97B1EA5DDC5008708B8 /* Debug */,
				8813C97C1EA5DDC5008708B8 /* Release */,
			);
			defaultConfigurationIsVisible = 0;
			defaultConfigurationName = Release;
		};
		8813C97D1EA5DDC5008708B8 /* Build configuration list for PBXNativeTarget "pokerManagerUITests" */ = {
			isa = XCConfigurationList;
			buildConfigurations = (
				8813C97E1EA5DDC5008708B8 /* Debug */,
				8813C97F1EA5DDC5008708B8 /* Release */,
			);
			defaultConfigurationIsVisible = 0;
			defaultConfigurationName = Release;
		};
/* End XCConfigurationList section */
	};
	rootObject = 8813C9451EA5DDC5008708B8 /* Project object */;
}
